
Microsoft Visual Studio Solution File, Format Version 12.00
# Visual Studio 15
VisualStudioVersion = 15.0.28010.2003
MinimumVisualStudioVersion = 10.0.40219.1
Project("{FAE04EC0-301F-11D3-BF4B-00C04F79EFBC}") = "Momento1_JEB.Android", "Momento1_JEB\Momento1_JEB.Android\Momento1_JEB.Android.csproj", "{FEB67878-A6C4-43FF-805E-5CA9886E7C28}"
EndProject
Project("{FAE04EC0-301F-11D3-BF4B-00C04F79EFBC}") = "Momento1_JEB.iOS", "Momento1_JEB\Momento1_JEB.iOS\Momento1_JEB.iOS.csproj", "{12B13917-D16C-49B7-B5A2-9B2CC4B7B0B0}"
EndProject
Project("{FAE04EC0-301F-11D3-BF4B-00C04F79EFBC}") = "Momento1_JEB.UWP", "Momento1_JEB\Momento1_JEB.UWP\Momento1_JEB.UWP.csproj", "{8E641A49-B3A7-424D-B22E-601A2BD6B5A4}"
EndProject
Project("{FAE04EC0-301F-11D3-BF4B-00C04F79EFBC}") = "Momento1_JEB", "Momento1_JEB\Momento1_JEB\Momento1_JEB.csproj", "{FD9962DD-C235-49F7-9928-03A8BBFC2AAC}"
EndProject
Global
	GlobalSection(SolutionConfigurationPlatforms) = preSolution
		Ad-Hoc|Any CPU = Ad-Hoc|Any CPU
		Ad-Hoc|ARM = Ad-Hoc|ARM
		Ad-Hoc|iPhone = Ad-Hoc|iPhone
		Ad-Hoc|iPhoneSimulator = Ad-Hoc|iPhoneSimulator
		Ad-Hoc|x64 = Ad-Hoc|x64
		Ad-Hoc|x86 = Ad-Hoc|x86
		AppStore|Any CPU = AppStore|Any CPU
		AppStore|ARM = AppStore|ARM
		AppStore|iPhone = AppStore|iPhone
		AppStore|iPhoneSimulator = AppStore|iPhoneSimulator
		AppStore|x64 = AppStore|x64
		AppStore|x86 = AppStore|x86
		Debug|Any CPU = Debug|Any CPU
		Debug|ARM = Debug|ARM
		Debug|iPhone = Debug|iPhone
		Debug|iPhoneSimulator = Debug|iPhoneSimulator
		Debug|x64 = Debug|x64
		Debug|x86 = Debug|x86
		Release|Any CPU = Release|Any CPU
		Release|ARM = Release|ARM
		Release|iPhone = Release|iPhone
		Release|iPhoneSimulator = Release|iPhoneSimulator
		Release|x64 = Release|x64
		Release|x86 = Release|x86
	EndGlobalSection
	GlobalSection(ProjectConfigurationPlatforms) = postSolution
		{FEB67878-A6C4-43FF-805E-5CA9886E7C28}.Ad-Hoc|Any CPU.ActiveCfg = Release|Any CPU
		{FEB67878-A6C4-43FF-805E-5CA9886E7C28}.Ad-Hoc|Any CPU.Build.0 = Release|Any CPU
		{FEB67878-A6C4-43FF-805E-5CA9886E7C28}.Ad-Hoc|Any CPU.Deploy.0 = Release|Any CPU
		{FEB67878-A6C4-43FF-805E-5CA9886E7C28}.Ad-Hoc|ARM.ActiveCfg = Release|Any CPU
		{FEB67878-A6C4-43FF-805E-5CA9886E7C28}.Ad-Hoc|ARM.Build.0 = Release|Any CPU
		{FEB67878-A6C4-43FF-805E-5CA9886E7C28}.Ad-Hoc|ARM.Deploy.0 = Release|Any CPU
		{FEB67878-A6C4-43FF-805E-5CA9886E7C28}.Ad-Hoc|iPhone.ActiveCfg = Release|Any CPU
		{FEB67878-A6C4-43FF-805E-5CA9886E7C28}.Ad-Hoc|iPhone.Build.0 = Release|Any CPU
		{FEB67878-A6C4-43FF-805E-5CA9886E7C28}.Ad-Hoc|iPhone.Deploy.0 = Release|Any CPU
		{FEB67878-A6C4-43FF-805E-5CA9886E7C28}.Ad-Hoc|iPhoneSimulator.ActiveCfg = Release|Any CPU
		{FEB67878-A6C4-43FF-805E-5CA9886E7C28}.Ad-Hoc|iPhoneSimulator.Build.0 = Release|Any CPU
		{FEB67878-A6C4-43FF-805E-5CA9886E7C28}.Ad-Hoc|iPhoneSimulator.Deploy.0 = Release|Any CPU
		{FEB67878-A6C4-43FF-805E-5CA9886E7C28}.Ad-Hoc|x64.ActiveCfg = Release|Any CPU
		{FEB67878-A6C4-43FF-805E-5CA9886E7C28}.Ad-Hoc|x64.Build.0 = Release|Any CPU
		{FEB67878-A6C4-43FF-805E-5CA9886E7C28}.Ad-Hoc|x64.Deploy.0 = Release|Any CPU
		{FEB67878-A6C4-43FF-805E-5CA9886E7C28}.Ad-Hoc|x86.ActiveCfg = Release|Any CPU
		{FEB67878-A6C4-43FF-805E-5CA9886E7C28}.Ad-Hoc|x86.Build.0 = Release|Any CPU
		{FEB67878-A6C4-43FF-805E-5CA9886E7C28}.Ad-Hoc|x86.Deploy.0 = Release|Any CPU
		{FEB67878-A6C4-43FF-805E-5CA9886E7C28}.AppStore|Any CPU.ActiveCfg = Release|Any CPU
		{FEB67878-A6C4-43FF-805E-5CA9886E7C28}.AppStore|Any CPU.Build.0 = Release|Any CPU
		{FEB67878-A6C4-43FF-805E-5CA9886E7C28}.AppStore|Any CPU.Deploy.0 = Release|Any CPU
		{FEB67878-A6C4-43FF-805E-5CA9886E7C28}.AppStore|ARM.ActiveCfg = Release|Any CPU
		{FEB67878-A6C4-43FF-805E-5CA9886E7C28}.AppStore|ARM.Build.0 = Release|Any CPU
		{FEB67878-A6C4-43FF-805E-5CA9886E7C28}.AppStore|ARM.Deploy.0 = Release|Any CPU
		{FEB67878-A6C4-43FF-805E-5CA9886E7C28}.AppStore|iPhone.ActiveCfg = Release|Any CPU
		{FEB67878-A6C4-43FF-805E-5CA9886E7C28}.AppStore|iPhone.Build.0 = Release|Any CPU
		{FEB67878-A6C4-43FF-805E-5CA9886E7C28}.AppStore|iPhone.Deploy.0 = Release|Any CPU
		{FEB67878-A6C4-43FF-805E-5CA9886E7C28}.AppStore|iPhoneSimulator.ActiveCfg = Release|Any CPU
		{FEB67878-A6C4-43FF-805E-5CA9886E7C28}.AppStore|iPhoneSimulator.Build.0 = Release|Any CPU
		{FEB67878-A6C4-43FF-805E-5CA9886E7C28}.AppStore|iPhoneSimulator.Deploy.0 = Release|Any CPU
		{FEB67878-A6C4-43FF-805E-5CA9886E7C28}.AppStore|x64.ActiveCfg = Release|Any CPU
		{FEB67878-A6C4-43FF-805E-5CA9886E7C28}.AppStore|x64.Build.0 = Release|Any CPU
		{FEB67878-A6C4-43FF-805E-5CA9886E7C28}.AppStore|x64.Deploy.0 = Release|Any CPU
		{FEB67878-A6C4-43FF-805E-5CA9886E7C28}.AppStore|x86.ActiveCfg = Release|Any CPU
		{FEB67878-A6C4-43FF-805E-5CA9886E7C28}.AppStore|x86.Build.0 = Release|Any CPU
		{FEB67878-A6C4-43FF-805E-5CA9886E7C28}.AppStore|x86.Deploy.0 = Release|Any CPU
		{FEB67878-A6C4-43FF-805E-5CA9886E7C28}.Debug|Any CPU.ActiveCfg = Debug|Any CPU
		{FEB67878-A6C4-43FF-805E-5CA9886E7C28}.Debug|Any CPU.Build.0 = Debug|Any CPU
		{FEB67878-A6C4-43FF-805E-5CA9886E7C28}.Debug|Any CPU.Deploy.0 = Debug|Any CPU
		{FEB67878-A6C4-43FF-805E-5CA9886E7C28}.Debug|ARM.ActiveCfg = Debug|Any CPU
		{FEB67878-A6C4-43FF-805E-5CA9886E7C28}.Debug|ARM.Build.0 = Debug|Any CPU
		{FEB67878-A6C4-43FF-805E-5CA9886E7C28}.Debug|ARM.Deploy.0 = Debug|Any CPU
		{FEB67878-A6C4-43FF-805E-5CA9886E7C28}.Debug|iPhone.ActiveCfg = Debug|Any CPU
		{FEB67878-A6C4-43FF-805E-5CA9886E7C28}.Debug|iPhone.Build.0 = Debug|Any CPU
		{FEB67878-A6C4-43FF-805E-5CA9886E7C28}.Debug|iPhone.Deploy.0 = Debug|Any CPU
		{FEB67878-A6C4-43FF-805E-5CA9886E7C28}.Debug|iPhoneSimulator.ActiveCfg = Debug|Any CPU
		{FEB67878-A6C4-43FF-805E-5CA9886E7C28}.Debug|iPhoneSimulator.Build.0 = Debug|Any CPU
		{FEB67878-A6C4-43FF-805E-5CA9886E7C28}.Debug|iPhoneSimulator.Deploy.0 = Debug|Any CPU
		{FEB67878-A6C4-43FF-805E-5CA9886E7C28}.Debug|x64.ActiveCfg = Debug|Any CPU
		{FEB67878-A6C4-43FF-805E-5CA9886E7C28}.Debug|x64.Build.0 = Debug|Any CPU
		{FEB67878-A6C4-43FF-805E-5CA9886E7C28}.Debug|x64.Deploy.0 = Debug|Any CPU
		{FEB67878-A6C4-43FF-805E-5CA9886E7C28}.Debug|x86.ActiveCfg = Debug|Any CPU
		{FEB67878-A6C4-43FF-805E-5CA9886E7C28}.Debug|x86.Build.0 = Debug|Any CPU
		{FEB67878-A6C4-43FF-805E-5CA9886E7C28}.Debug|x86.Deploy.0 = Debug|Any CPU
		{FEB67878-A6C4-43FF-805E-5CA9886E7C28}.Release|Any CPU.ActiveCfg = Release|Any CPU
		{FEB67878-A6C4-43FF-805E-5CA9886E7C28}.Release|Any CPU.Build.0 = Release|Any CPU
		{FEB67878-A6C4-43FF-805E-5CA9886E7C28}.Release|Any CPU.Deploy.0 = Release|Any CPU
		{FEB67878-A6C4-43FF-805E-5CA9886E7C28}.Release|ARM.ActiveCfg = Release|Any CPU
		{FEB67878-A6C4-43FF-805E-5CA9886E7C28}.Release|ARM.Build.0 = Release|Any CPU
		{FEB67878-A6C4-43FF-805E-5CA9886E7C28}.Release|ARM.Deploy.0 = Release|Any CPU
		{FEB67878-A6C4-43FF-805E-5CA9886E7C28}.Release|iPhone.ActiveCfg = Release|Any CPU
		{FEB67878-A6C4-43FF-805E-5CA9886E7C28}.Release|iPhone.Build.0 = Release|Any CPU
		{FEB67878-A6C4-43FF-805E-5CA9886E7C28}.Release|iPhone.Deploy.0 = Release|Any CPU
		{FEB67878-A6C4-43FF-805E-5CA9886E7C28}.Release|iPhoneSimulator.ActiveCfg = Release|Any CPU
		{FEB67878-A6C4-43FF-805E-5CA9886E7C28}.Release|iPhoneSimulator.Build.0 = Release|Any CPU
		{FEB67878-A6C4-43FF-805E-5CA9886E7C28}.Release|iPhoneSimulator.Deploy.0 = Release|Any CPU
		{FEB67878-A6C4-43FF-805E-5CA9886E7C28}.Release|x64.ActiveCfg = Release|Any CPU
		{FEB67878-A6C4-43FF-805E-5CA9886E7C28}.Release|x64.Build.0 = Release|Any CPU
		{FEB67878-A6C4-43FF-805E-5CA9886E7C28}.Release|x64.Deploy.0 = Release|Any CPU
		{FEB67878-A6C4-43FF-805E-5CA9886E7C28}.Release|x86.ActiveCfg = Release|Any CPU
		{FEB67878-A6C4-43FF-805E-5CA9886E7C28}.Release|x86.Build.0 = Release|Any CPU
		{FEB67878-A6C4-43FF-805E-5CA9886E7C28}.Release|x86.Deploy.0 = Release|Any CPU
		{12B13917-D16C-49B7-B5A2-9B2CC4B7B0B0}.Ad-Hoc|Any CPU.ActiveCfg = Ad-Hoc|iPhone
		{12B13917-D16C-49B7-B5A2-9B2CC4B7B0B0}.Ad-Hoc|Any CPU.Build.0 = Ad-Hoc|iPhone
		{12B13917-D16C-49B7-B5A2-9B2CC4B7B0B0}.Ad-Hoc|Any CPU.Deploy.0 = Ad-Hoc|iPhone
		{12B13917-D16C-49B7-B5A2-9B2CC4B7B0B0}.Ad-Hoc|ARM.ActiveCfg = Ad-Hoc|iPhone
		{12B13917-D16C-49B7-B5A2-9B2CC4B7B0B0}.Ad-Hoc|ARM.Build.0 = Ad-Hoc|iPhone
		{12B13917-D16C-49B7-B5A2-9B2CC4B7B0B0}.Ad-Hoc|ARM.Deploy.0 = Ad-Hoc|iPhone
		{12B13917-D16C-49B7-B5A2-9B2CC4B7B0B0}.Ad-Hoc|iPhone.ActiveCfg = Ad-Hoc|iPhone
		{12B13917-D16C-49B7-B5A2-9B2CC4B7B0B0}.Ad-Hoc|iPhone.Build.0 = Ad-Hoc|iPhone
		{12B13917-D16C-49B7-B5A2-9B2CC4B7B0B0}.Ad-Hoc|iPhone.Deploy.0 = Ad-Hoc|iPhone
		{12B13917-D16C-49B7-B5A2-9B2CC4B7B0B0}.Ad-Hoc|iPhoneSimulator.ActiveCfg = Ad-Hoc|iPhoneSimulator
		{12B13917-D16C-49B7-B5A2-9B2CC4B7B0B0}.Ad-Hoc|iPhoneSimulator.Build.0 = Ad-Hoc|iPhoneSimulator
		{12B13917-D16C-49B7-B5A2-9B2CC4B7B0B0}.Ad-Hoc|iPhoneSimulator.Deploy.0 = Ad-Hoc|iPhoneSimulator
		{12B13917-D16C-49B7-B5A2-9B2CC4B7B0B0}.Ad-Hoc|x64.ActiveCfg = Ad-Hoc|iPhone
		{12B13917-D16C-49B7-B5A2-9B2CC4B7B0B0}.Ad-Hoc|x64.Build.0 = Ad-Hoc|iPhone
		{12B13917-D16C-49B7-B5A2-9B2CC4B7B0B0}.Ad-Hoc|x64.Deploy.0 = Ad-Hoc|iPhone
		{12B13917-D16C-49B7-B5A2-9B2CC4B7B0B0}.Ad-Hoc|x86.ActiveCfg = Ad-Hoc|iPhone
		{12B13917-D16C-49B7-B5A2-9B2CC4B7B0B0}.Ad-Hoc|x86.Build.0 = Ad-Hoc|iPhone
		{12B13917-D16C-49B7-B5A2-9B2CC4B7B0B0}.Ad-Hoc|x86.Deploy.0 = Ad-Hoc|iPhone
		{12B13917-D16C-49B7-B5A2-9B2CC4B7B0B0}.AppStore|Any CPU.ActiveCfg = AppStore|iPhone
		{12B13917-D16C-49B7-B5A2-9B2CC4B7B0B0}.AppStore|Any CPU.Build.0 = AppStore|iPhone
		{12B13917-D16C-49B7-B5A2-9B2CC4B7B0B0}.AppStore|Any CPU.Deploy.0 = AppStore|iPhone
		{12B13917-D16C-49B7-B5A2-9B2CC4B7B0B0}.AppStore|ARM.ActiveCfg = AppStore|iPhone
		{12B13917-D16C-49B7-B5A2-9B2CC4B7B0B0}.AppStore|ARM.Build.0 = AppStore|iPhone
		{12B13917-D16C-49B7-B5A2-9B2CC4B7B0B0}.AppStore|ARM.Deploy.0 = AppStore|iPhone
		{12B13917-D16C-49B7-B5A2-9B2CC4B7B0B0}.AppStore|iPhone.ActiveCfg = AppStore|iPhone
		{12B13917-D16C-49B7-B5A2-9B2CC4B7B0B0}.AppStore|iPhone.Build.0 = AppStore|iPhone
		{12B13917-D16C-49B7-B5A2-9B2CC4B7B0B0}.AppStore|iPhone.Deploy.0 = AppStore|iPhone
		{12B13917-D16C-49B7-B5A2-9B2CC4B7B0B0}.AppStore|iPhoneSimulator.ActiveCfg = AppStore|iPhoneSimulator
		{12B13917-D16C-49B7-B5A2-9B2CC4B7B0B0}.AppStore|iPhoneSimulator.Build.0 = AppStore|iPhoneSimulator
		{12B13917-D16C-49B7-B5A2-9B2CC4B7B0B0}.AppStore|iPhoneSimulator.Deploy.0 = AppStore|iPhoneSimulator
		{12B13917-D16C-49B7-B5A2-9B2CC4B7B0B0}.AppStore|x64.ActiveCfg = AppStore|iPhone
		{12B13917-D16C-49B7-B5A2-9B2CC4B7B0B0}.AppStore|x64.Build.0 = AppStore|iPhone
		{12B13917-D16C-49B7-B5A2-9B2CC4B7B0B0}.AppStore|x64.Deploy.0 = AppStore|iPhone
		{12B13917-D16C-49B7-B5A2-9B2CC4B7B0B0}.AppStore|x86.ActiveCfg = AppStore|iPhone
		{12B13917-D16C-49B7-B5A2-9B2CC4B7B0B0}.AppStore|x86.Build.0 = AppStore|iPhone
		{12B13917-D16C-49B7-B5A2-9B2CC4B7B0B0}.AppStore|x86.Deploy.0 = AppStore|iPhone
		{12B13917-D16C-49B7-B5A2-9B2CC4B7B0B0}.Debug|Any CPU.ActiveCfg = Debug|iPhoneSimulator
		{12B13917-D16C-49B7-B5A2-9B2CC4B7B0B0}.Debug|Any CPU.Build.0 = Debug|iPhoneSimulator
		{12B13917-D16C-49B7-B5A2-9B2CC4B7B0B0}.Debug|Any CPU.Deploy.0 = Debug|iPhoneSimulator
		{12B13917-D16C-49B7-B5A2-9B2CC4B7B0B0}.Debug|ARM.ActiveCfg = Debug|iPhone
		{12B13917-D16C-49B7-B5A2-9B2CC4B7B0B0}.Debug|ARM.Build.0 = Debug|iPhone
		{12B13917-D16C-49B7-B5A2-9B2CC4B7B0B0}.Debug|ARM.Deploy.0 = Debug|iPhone
		{12B13917-D16C-49B7-B5A2-9B2CC4B7B0B0}.Debug|iPhone.ActiveCfg = Debug|iPhone
		{12B13917-D16C-49B7-B5A2-9B2CC4B7B0B0}.Debug|iPhone.Build.0 = Debug|iPhone
		{12B13917-D16C-49B7-B5A2-9B2CC4B7B0B0}.Debug|iPhone.Deploy.0 = Debug|iPhone
		{12B13917-D16C-49B7-B5A2-9B2CC4B7B0B0}.Debug|iPhoneSimulator.ActiveCfg = Debug|iPhoneSimulator
		{12B13917-D16C-49B7-B5A2-9B2CC4B7B0B0}.Debug|iPhoneSimulator.Build.0 = Debug|iPhoneSimulator
		{12B13917-D16C-49B7-B5A2-9B2CC4B7B0B0}.Debug|iPhoneSimulator.Deploy.0 = Debug|iPhoneSimulator
		{12B13917-D16C-49B7-B5A2-9B2CC4B7B0B0}.Debug|x64.ActiveCfg = Debug|iPhone
		{12B13917-D16C-49B7-B5A2-9B2CC4B7B0B0}.Debug|x64.Build.0 = Debug|iPhone
		{12B13917-D16C-49B7-B5A2-9B2CC4B7B0B0}.Debug|x64.Deploy.0 = Debug|iPhone
		{12B13917-D16C-49B7-B5A2-9B2CC4B7B0B0}.Debug|x86.ActiveCfg = Debug|iPhone
		{12B13917-D16C-49B7-B5A2-9B2CC4B7B0B0}.Debug|x86.Build.0 = Debug|iPhone
		{12B13917-D16C-49B7-B5A2-9B2CC4B7B0B0}.Debug|x86.Deploy.0 = Debug|iPhone
		{12B13917-D16C-49B7-B5A2-9B2CC4B7B0B0}.Release|Any CPU.ActiveCfg = Release|iPhone
		{12B13917-D16C-49B7-B5A2-9B2CC4B7B0B0}.Release|Any CPU.Build.0 = Release|iPhone
		{12B13917-D16C-49B7-B5A2-9B2CC4B7B0B0}.Release|Any CPU.Deploy.0 = Release|iPhone
		{12B13917-D16C-49B7-B5A2-9B2CC4B7B0B0}.Release|ARM.ActiveCfg = Release|iPhone
		{12B13917-D16C-49B7-B5A2-9B2CC4B7B0B0}.Release|ARM.Build.0 = Release|iPhone
		{12B13917-D16C-49B7-B5A2-9B2CC4B7B0B0}.Release|ARM.Deploy.0 = Release|iPhone
		{12B13917-D16C-49B7-B5A2-9B2CC4B7B0B0}.Release|iPhone.ActiveCfg = Release|iPhone
		{12B13917-D16C-49B7-B5A2-9B2CC4B7B0B0}.Release|iPhone.Build.0 = Release|iPhone
		{12B13917-D16C-49B7-B5A2-9B2CC4B7B0B0}.Release|iPhone.Deploy.0 = Release|iPhone
		{12B13917-D16C-49B7-B5A2-9B2CC4B7B0B0}.Release|iPhoneSimulator.ActiveCfg = Release|iPhoneSimulator
		{12B13917-D16C-49B7-B5A2-9B2CC4B7B0B0}.Release|iPhoneSimulator.Build.0 = Release|iPhoneSimulator
		{12B13917-D16C-49B7-B5A2-9B2CC4B7B0B0}.Release|iPhoneSimulator.Deploy.0 = Release|iPhoneSimulator
		{12B13917-D16C-49B7-B5A2-9B2CC4B7B0B0}.Release|x64.ActiveCfg = Release|iPhone
		{12B13917-D16C-49B7-B5A2-9B2CC4B7B0B0}.Release|x64.Build.0 = Release|iPhone
		{12B13917-D16C-49B7-B5A2-9B2CC4B7B0B0}.Release|x64.Deploy.0 = Release|iPhone
		{12B13917-D16C-49B7-B5A2-9B2CC4B7B0B0}.Release|x86.ActiveCfg = Release|iPhone
		{12B13917-D16C-49B7-B5A2-9B2CC4B7B0B0}.Release|x86.Build.0 = Release|iPhone
		{12B13917-D16C-49B7-B5A2-9B2CC4B7B0B0}.Release|x86.Deploy.0 = Release|iPhone
		{8E641A49-B3A7-424D-B22E-601A2BD6B5A4}.Ad-Hoc|Any CPU.ActiveCfg = Release|x86
		{8E641A49-B3A7-424D-B22E-601A2BD6B5A4}.Ad-Hoc|Any CPU.Build.0 = Release|x86
		{8E641A49-B3A7-424D-B22E-601A2BD6B5A4}.Ad-Hoc|Any CPU.Deploy.0 = Release|x86
		{8E641A49-B3A7-424D-B22E-601A2BD6B5A4}.Ad-Hoc|ARM.ActiveCfg = Release|ARM
		{8E641A49-B3A7-424D-B22E-601A2BD6B5A4}.Ad-Hoc|ARM.Build.0 = Release|ARM
		{8E641A49-B3A7-424D-B22E-601A2BD6B5A4}.Ad-Hoc|ARM.Deploy.0 = Release|ARM
		{8E641A49-B3A7-424D-B22E-601A2BD6B5A4}.Ad-Hoc|iPhone.ActiveCfg = Release|x86
		{8E641A49-B3A7-424D-B22E-601A2BD6B5A4}.Ad-Hoc|iPhone.Build.0 = Release|x86
		{8E641A49-B3A7-424D-B22E-601A2BD6B5A4}.Ad-Hoc|iPhone.Deploy.0 = Release|x86
		{8E641A49-B3A7-424D-B22E-601A2BD6B5A4}.Ad-Hoc|iPhoneSimulator.ActiveCfg = Release|x86
		{8E641A49-B3A7-424D-B22E-601A2BD6B5A4}.Ad-Hoc|iPhoneSimulator.Build.0 = Release|x86
		{8E641A49-B3A7-424D-B22E-601A2BD6B5A4}.Ad-Hoc|iPhoneSimulator.Deploy.0 = Release|x86
		{8E641A49-B3A7-424D-B22E-601A2BD6B5A4}.Ad-Hoc|x64.ActiveCfg = Release|x64
		{8E641A49-B3A7-424D-B22E-601A2BD6B5A4}.Ad-Hoc|x64.Build.0 = Release|x64
		{8E641A49-B3A7-424D-B22E-601A2BD6B5A4}.Ad-Hoc|x64.Deploy.0 = Release|x64
		{8E641A49-B3A7-424D-B22E-601A2BD6B5A4}.Ad-Hoc|x86.ActiveCfg = Release|x86
		{8E641A49-B3A7-424D-B22E-601A2BD6B5A4}.Ad-Hoc|x86.Build.0 = Release|x86
		{8E641A49-B3A7-424D-B22E-601A2BD6B5A4}.Ad-Hoc|x86.Deploy.0 = Release|x86
		{8E641A49-B3A7-424D-B22E-601A2BD6B5A4}.AppStore|Any CPU.ActiveCfg = Release|x86
		{8E641A49-B3A7-424D-B22E-601A2BD6B5A4}.AppStore|Any CPU.Build.0 = Release|x86
		{8E641A49-B3A7-424D-B22E-601A2BD6B5A4}.AppStore|Any CPU.Deploy.0 = Release|x86
		{8E641A49-B3A7-424D-B22E-601A2BD6B5A4}.AppStore|ARM.ActiveCfg = Release|ARM
		{8E641A49-B3A7-424D-B22E-601A2BD6B5A4}.AppStore|ARM.Build.0 = Release|ARM
		{8E641A49-B3A7-424D-B22E-601A2BD6B5A4}.AppStore|ARM.Deploy.0 = Release|ARM
		{8E641A49-B3A7-424D-B22E-601A2BD6B5A4}.AppStore|iPhone.ActiveCfg = Release|x86
		{8E641A49-B3A7-424D-B22E-601A2BD6B5A4}.AppStore|iPhone.Build.0 = Release|x86
		{8E641A49-B3A7-424D-B22E-601A2BD6B5A4}.AppStore|iPhone.Deploy.0 = Release|x86
		{8E641A49-B3A7-424D-B22E-601A2BD6B5A4}.AppStore|iPhoneSimulator.ActiveCfg = Release|x86
		{8E641A49-B3A7-424D-B22E-601A2BD6B5A4}.AppStore|iPhoneSimulator.Build.0 = Release|x86
		{8E641A49-B3A7-424D-B22E-601A2BD6B5A4}.AppStore|iPhoneSimulator.Deploy.0 = Release|x86
		{8E641A49-B3A7-424D-B22E-601A2BD6B5A4}.AppStore|x64.ActiveCfg = Release|x64
		{8E641A49-B3A7-424D-B22E-601A2BD6B5A4}.AppStore|x64.Build.0 = Release|x64
		{8E641A49-B3A7-424D-B22E-601A2BD6B5A4}.AppStore|x64.Deploy.0 = Release|x64
		{8E641A49-B3A7-424D-B22E-601A2BD6B5A4}.AppStore|x86.ActiveCfg = Release|x86
		{8E641A49-B3A7-424D-B22E-601A2BD6B5A4}.AppStore|x86.Build.0 = Release|x86
		{8E641A49-B3A7-424D-B22E-601A2BD6B5A4}.AppStore|x86.Deploy.0 = Release|x86
		{8E641A49-B3A7-424D-B22E-601A2BD6B5A4}.Debug|Any CPU.ActiveCfg = Debug|x86
		{8E641A49-B3A7-424D-B22E-601A2BD6B5A4}.Debug|Any CPU.Build.0 = Debug|x86
		{8E641A49-B3A7-424D-B22E-601A2BD6B5A4}.Debug|Any CPU.Deploy.0 = Debug|x86
		{8E641A49-B3A7-424D-B22E-601A2BD6B5A4}.Debug|ARM.ActiveCfg = Debug|ARM
		{8E641A49-B3A7-424D-B22E-601A2BD6B5A4}.Debug|ARM.Build.0 = Debug|ARM
		{8E641A49-B3A7-424D-B22E-601A2BD6B5A4}.Debug|ARM.Deploy.0 = Debug|ARM
		{8E641A49-B3A7-424D-B22E-601A2BD6B5A4}.Debug|iPhone.ActiveCfg = Debug|x86
		{8E641A49-B3A7-424D-B22E-601A2BD6B5A4}.Debug|iPhone.Build.0 = Debug|x86
		{8E641A49-B3A7-424D-B22E-601A2BD6B5A4}.Debug|iPhone.Deploy.0 = Debug|x86
		{8E641A49-B3A7-424D-B22E-601A2BD6B5A4}.Debug|iPhoneSimulator.ActiveCfg = Debug|x86
		{8E641A49-B3A7-424D-B22E-601A2BD6B5A4}.Debug|iPhoneSimulator.Build.0 = Debug|x86
		{8E641A49-B3A7-424D-B22E-601A2BD6B5A4}.Debug|iPhoneSimulator.Deploy.0 = Debug|x86
		{8E641A49-B3A7-424D-B22E-601A2BD6B5A4}.Debug|x64.ActiveCfg = Debug|x64
		{8E641A49-B3A7-424D-B22E-601A2BD6B5A4}.Debug|x64.Build.0 = Debug|x64
		{8E641A49-B3A7-424D-B22E-601A2BD6B5A4}.Debug|x64.Deploy.0 = Debug|x64
		{8E641A49-B3A7-424D-B22E-601A2BD6B5A4}.Debug|x86.ActiveCfg = Debug|x86
		{8E641A49-B3A7-424D-B22E-601A2BD6B5A4}.Debug|x86.Build.0 = Debug|x86
		{8E641A49-B3A7-424D-B22E-601A2BD6B5A4}.Debug|x86.Deploy.0 = Debug|x86
		{8E641A49-B3A7-424D-B22E-601A2BD6B5A4}.Release|Any CPU.ActiveCfg = Release|x86
		{8E641A49-B3A7-424D-B22E-601A2BD6B5A4}.Release|Any CPU.Build.0 = Release|x86
		{8E641A49-B3A7-424D-B22E-601A2BD6B5A4}.Release|Any CPU.Deploy.0 = Release|x86
		{8E641A49-B3A7-424D-B22E-601A2BD6B5A4}.Release|ARM.ActiveCfg = Release|ARM
		{8E641A49-B3A7-424D-B22E-601A2BD6B5A4}.Release|ARM.Build.0 = Release|ARM
		{8E641A49-B3A7-424D-B22E-601A2BD6B5A4}.Release|ARM.Deploy.0 = Release|ARM
		{8E641A49-B3A7-424D-B22E-601A2BD6B5A4}.Release|iPhone.ActiveCfg = Release|x86
		{8E641A49-B3A7-424D-B22E-601A2BD6B5A4}.Release|iPhone.Build.0 = Release|x86
		{8E641A49-B3A7-424D-B22E-601A2BD6B5A4}.Release|iPhone.Deploy.0 = Release|x86
		{8E641A49-B3A7-424D-B22E-601A2BD6B5A4}.Release|iPhoneSimulator.ActiveCfg = Release|x86
		{8E641A49-B3A7-424D-B22E-601A2BD6B5A4}.Release|iPhoneSimulator.Build.0 = Release|x86
		{8E641A49-B3A7-424D-B22E-601A2BD6B5A4}.Release|iPhoneSimulator.Deploy.0 = Release|x86
		{8E641A49-B3A7-424D-B22E-601A2BD6B5A4}.Release|x64.ActiveCfg = Release|x64
		{8E641A49-B3A7-424D-B22E-601A2BD6B5A4}.Release|x64.Build.0 = Release|x64
		{8E641A49-B3A7-424D-B22E-601A2BD6B5A4}.Release|x64.Deploy.0 = Release|x64
		{8E641A49-B3A7-424D-B22E-601A2BD6B5A4}.Release|x86.ActiveCfg = Release|x86
		{8E641A49-B3A7-424D-B22E-601A2BD6B5A4}.Release|x86.Build.0 = Release|x86
		{8E641A49-B3A7-424D-B22E-601A2BD6B5A4}.Release|x86.Deploy.0 = Release|x86
		{FD9962DD-C235-49F7-9928-03A8BBFC2AAC}.Ad-Hoc|Any CPU.ActiveCfg = Debug|Any CPU
		{FD9962DD-C235-49F7-9928-03A8BBFC2AAC}.Ad-Hoc|Any CPU.Build.0 = Debug|Any CPU
		{FD9962DD-C235-49F7-9928-03A8BBFC2AAC}.Ad-Hoc|Any CPU.Deploy.0 = Debug|Any CPU
		{FD9962DD-C235-49F7-9928-03A8BBFC2AAC}.Ad-Hoc|ARM.ActiveCfg = Debug|Any CPU
		{FD9962DD-C235-49F7-9928-03A8BBFC2AAC}.Ad-Hoc|ARM.Build.0 = Debug|Any CPU
		{FD9962DD-C235-49F7-9928-03A8BBFC2AAC}.Ad-Hoc|ARM.Deploy.0 = Debug|Any CPU
		{FD9962DD-C235-49F7-9928-03A8BBFC2AAC}.Ad-Hoc|iPhone.ActiveCfg = Debug|Any CPU
		{FD9962DD-C235-49F7-9928-03A8BBFC2AAC}.Ad-Hoc|iPhone.Build.0 = Debug|Any CPU
		{FD9962DD-C235-49F7-9928-03A8BBFC2AAC}.Ad-Hoc|iPhone.Deploy.0 = Debug|Any CPU
		{FD9962DD-C235-49F7-9928-03A8BBFC2AAC}.Ad-Hoc|iPhoneSimulator.ActiveCfg = Debug|Any CPU
		{FD9962DD-C235-49F7-9928-03A8BBFC2AAC}.Ad-Hoc|iPhoneSimulator.Build.0 = Debug|Any CPU
		{FD9962DD-C235-49F7-9928-03A8BBFC2AAC}.Ad-Hoc|iPhoneSimulator.Deploy.0 = Debug|Any CPU
		{FD9962DD-C235-49F7-9928-03A8BBFC2AAC}.Ad-Hoc|x64.ActiveCfg = Debug|Any CPU
		{FD9962DD-C235-49F7-9928-03A8BBFC2AAC}.Ad-Hoc|x64.Build.0 = Debug|Any CPU
		{FD9962DD-C235-49F7-9928-03A8BBFC2AAC}.Ad-Hoc|x64.Deploy.0 = Debug|Any CPU
		{FD9962DD-C235-49F7-9928-03A8BBFC2AAC}.Ad-Hoc|x86.ActiveCfg = Debug|Any CPU
		{FD9962DD-C235-49F7-9928-03A8BBFC2AAC}.Ad-Hoc|x86.Build.0 = Debug|Any CPU
		{FD9962DD-C235-49F7-9928-03A8BBFC2AAC}.Ad-Hoc|x86.Deploy.0 = Debug|Any CPU
		{FD9962DD-C235-49F7-9928-03A8BBFC2AAC}.AppStore|Any CPU.ActiveCfg = Debug|Any CPU
		{FD9962DD-C235-49F7-9928-03A8BBFC2AAC}.AppStore|Any CPU.Build.0 = Debug|Any CPU
		{FD9962DD-C235-49F7-9928-03A8BBFC2AAC}.AppStore|Any CPU.Deploy.0 = Debug|Any CPU
		{FD9962DD-C235-49F7-9928-03A8BBFC2AAC}.AppStore|ARM.ActiveCfg = Debug|Any CPU
		{FD9962DD-C235-49F7-9928-03A8BBFC2AAC}.AppStore|ARM.Build.0 = Debug|Any CPU
		{FD9962DD-C235-49F7-9928-03A8BBFC2AAC}.AppStore|ARM.Deploy.0 = Debug|Any CPU
		{FD9962DD-C235-49F7-9928-03A8BBFC2AAC}.AppStore|iPhone.ActiveCfg = Debug|Any CPU
		{FD9962DD-C235-49F7-9928-03A8BBFC2AAC}.AppStore|iPhone.Build.0 = Debug|Any CPU
		{FD9962DD-C235-49F7-9928-03A8BBFC2AAC}.AppStore|iPhone.Deploy.0 = Debug|Any CPU
		{FD9962DD-C235-49F7-9928-03A8BBFC2AAC}.AppStore|iPhoneSimulator.ActiveCfg = Debug|Any CPU
		{FD9962DD-C235-49F7-9928-03A8BBFC2AAC}.AppStore|iPhoneSimulator.Build.0 = Debug|Any CPU
		{FD9962DD-C235-49F7-9928-03A8BBFC2AAC}.AppStore|iPhoneSimulator.Deploy.0 = Debug|Any CPU
		{FD9962DD-C235-49F7-9928-03A8BBFC2AAC}.AppStore|x64.ActiveCfg = Debug|Any CPU
		{FD9962DD-C235-49F7-9928-03A8BBFC2AAC}.AppStore|x64.Build.0 = Debug|Any CPU
		{FD9962DD-C235-49F7-9928-03A8BBFC2AAC}.AppStore|x64.Deploy.0 = Debug|Any CPU
		{FD9962DD-C235-49F7-9928-03A8BBFC2AAC}.AppStore|x86.ActiveCfg = Debug|Any CPU
		{FD9962DD-C235-49F7-9928-03A8BBFC2AAC}.AppStore|x86.Build.0 = Debug|Any CPU
		{FD9962DD-C235-49F7-9928-03A8BBFC2AAC}.AppStore|x86.Deploy.0 = Debug|Any CPU
		{FD9962DD-C235-49F7-9928-03A8BBFC2AAC}.Debug|Any CPU.ActiveCfg = Debug|Any CPU
		{FD9962DD-C235-49F7-9928-03A8BBFC2AAC}.Debug|Any CPU.Build.0 = Debug|Any CPU
		{FD9962DD-C235-49F7-9928-03A8BBFC2AAC}.Debug|Any CPU.Deploy.0 = Debug|Any CPU
		{FD9962DD-C235-49F7-9928-03A8BBFC2AAC}.Debug|ARM.ActiveCfg = Debug|Any CPU
		{FD9962DD-C235-49F7-9928-03A8BBFC2AAC}.Debug|ARM.Build.0 = Debug|Any CPU
		{FD9962DD-C235-49F7-9928-03A8BBFC2AAC}.Debug|ARM.Deploy.0 = Debug|Any CPU
		{FD9962DD-C235-49F7-9928-03A8BBFC2AAC}.Debug|iPhone.ActiveCfg = Debug|Any CPU
		{FD9962DD-C235-49F7-9928-03A8BBFC2AAC}.Debug|iPhone.Build.0 = Debug|Any CPU
		{FD9962DD-C235-49F7-9928-03A8BBFC2AAC}.Debug|iPhone.Deploy.0 = Debug|Any CPU
		{FD9962DD-C235-49F7-9928-03A8BBFC2AAC}.Debug|iPhoneSimulator.ActiveCfg = Debug|Any CPU
		{FD9962DD-C235-49F7-9928-03A8BBFC2AAC}.Debug|iPhoneSimulator.Build.0 = Debug|Any CPU
		{FD9962DD-C235-49F7-9928-03A8BBFC2AAC}.Debug|iPhoneSimulator.Deploy.0 = Debug|Any CPU
		{FD9962DD-C235-49F7-9928-03A8BBFC2AAC}.Debug|x64.ActiveCfg = Debug|Any CPU
		{FD9962DD-C235-49F7-9928-03A8BBFC2AAC}.Debug|x64.Build.0 = Debug|Any CPU
		{FD9962DD-C235-49F7-9928-03A8BBFC2AAC}.Debug|x64.Deploy.0 = Debug|Any CPU
		{FD9962DD-C235-49F7-9928-03A8BBFC2AAC}.Debug|x86.ActiveCfg = Debug|Any CPU
		{FD9962DD-C235-49F7-9928-03A8BBFC2AAC}.Debug|x86.Build.0 = Debug|Any CPU
		{FD9962DD-C235-49F7-9928-03A8BBFC2AAC}.Debug|x86.Deploy.0 = Debug|Any CPU
		{FD9962DD-C235-49F7-9928-03A8BBFC2AAC}.Release|Any CPU.ActiveCfg = Release|Any CPU
		{FD9962DD-C235-49F7-9928-03A8BBFC2AAC}.Release|Any CPU.Build.0 = Release|Any CPU
		{FD9962DD-C235-49F7-9928-03A8BBFC2AAC}.Release|Any CPU.Deploy.0 = Release|Any CPU
		{FD9962DD-C235-49F7-9928-03A8BBFC2AAC}.Release|ARM.ActiveCfg = Release|Any CPU
		{FD9962DD-C235-49F7-9928-03A8BBFC2AAC}.Release|ARM.Build.0 = Release|Any CPU
		{FD9962DD-C235-49F7-9928-03A8BBFC2AAC}.Release|ARM.Deploy.0 = Release|Any CPU
		{FD9962DD-C235-49F7-9928-03A8BBFC2AAC}.Release|iPhone.ActiveCfg = Release|Any CPU
		{FD9962DD-C235-49F7-9928-03A8BBFC2AAC}.Release|iPhone.Build.0 = Release|Any CPU
		{FD9962DD-C235-49F7-9928-03A8BBFC2AAC}.Release|iPhone.Deploy.0 = Release|Any CPU
		{FD9962DD-C235-49F7-9928-03A8BBFC2AAC}.Release|iPhoneSimulator.ActiveCfg = Release|Any CPU
		{FD9962DD-C235-49F7-9928-03A8BBFC2AAC}.Release|iPhoneSimulator.Build.0 = Release|Any CPU
		{FD9962DD-C235-49F7-9928-03A8BBFC2AAC}.Release|iPhoneSimulator.Deploy.0 = Release|Any CPU
		{FD9962DD-C235-49F7-9928-03A8BBFC2AAC}.Release|x64.ActiveCfg = Release|Any CPU
		{FD9962DD-C235-49F7-9928-03A8BBFC2AAC}.Release|x64.Build.0 = Release|Any CPU
		{FD9962DD-C235-49F7-9928-03A8BBFC2AAC}.Release|x64.Deploy.0 = Release|Any CPU
		{FD9962DD-C235-49F7-9928-03A8BBFC2AAC}.Release|x86.ActiveCfg = Release|Any CPU
		{FD9962DD-C235-49F7-9928-03A8BBFC2AAC}.Release|x86.Build.0 = Release|Any CPU
		{FD9962DD-C235-49F7-9928-03A8BBFC2AAC}.Release|x86.Deploy.0 = Release|Any CPU
	EndGlobalSection
	GlobalSection(SolutionProperties) = preSolution
		HideSolutionNode = FALSE
	EndGlobalSection
	GlobalSection(ExtensibilityGlobals) = postSolution
		SolutionGuid = {D71A2EA0-7953-4AD8-AF8A-2BD66CBF63A6}
	EndGlobalSection
EndGlobal
